{
  "name": "celery-migration-fixture-envsafe",
  "version": "0.0.0",
  "lockfileVersion": 3,
  "requires": true,
  "packages": {
    "": {
      "name": "celery-migration-fixture-envsafe",
      "version": "0.0.0",
      "dependencies": {
        "envsafe": "^2.0.3"
      },
      "engines": {
        "node": ">=20"
      }
    },
    "node_modules/envsafe": {
      "version": "2.0.3",
      "resolved": "https://registry.npmjs.org/envsafe/-/envsafe-2.0.3.tgz",
      "integrity": "sha512-51lek8h5btjXhXUDW//Pno7HPydM1WQzltOb1/ONRKdwB2QkfAURnN4Qn0cJ5LzGvX2Km1ReR2O3K3Bqq9sBMg==",
      "license": "MIT",
      "engines": {
        "node": ">=10"
      }
    }
  }
}
