{
  "name": "celery-migration-fixture-celery-runtime",
  "version": "0.0.0",
  "lockfileVersion": 3,
  "requires": true,
  "packages": {
    "": {
      "name": "celery-migration-fixture-celery-runtime",
      "version": "0.0.0",
      "dependencies": {
        "celery-env": "file:../../.."
      },
      "engines": {
        "node": ">=20"
      }
    },
    "../../..": {
      "name": "celery-env",
      "version": "0.1.0",
      "license": "MIT",
      "bin": {
        "celery-env": "src/cli.js"
      },
      "engines": {
        "node": ">=18"
      }
    },
    "node_modules/celery-env": {
      "resolved": "../../..",
      "link": true
    }
  }
}
